
Microsoft Visual Studio Solution File, Format Version 12.00
# Visual Studio 15
VisualStudioVersion = 15.0.27004.2010
MinimumVisualStudioVersion = 10.0.40219.1
Project("{9A19103F-16F7-4668-BE54-9A1E7A4F7556}") = "App", "App\App.csproj", "{47172AF6-0614-46F6-84D1-FEE7D403C226}"
EndProject
Project("{9A19103F-16F7-4668-BE54-9A1E7A4F7556}") = "Domain", "Domain\Domain.csproj", "{715EC3ED-FB99-4114-B5C9-CBA1AC47EA5A}"
EndProject
Project("{9A19103F-16F7-4668-BE54-9A1E7A4F7556}") = "App.Tests", "App.Tests\App.Tests.csproj", "{68519079-9121-4A40-AFBA-73FC1AC42806}"
EndProject
Project("{9A19103F-16F7-4668-BE54-9A1E7A4F7556}") = "Domain.Tests", "Domain.Tests\Domain.Tests.csproj", "{84358480-54E0-4C79-8842-CB4F92F3822D}"
EndProject
Project("{9A19103F-16F7-4668-BE54-9A1E7A4F7556}") = "App.Vessel.Monitor.Host", "App.Vessel.Monitor.Host\App.Vessel.Monitor.Host.csproj", "{287F5C25-8DA6-4DCA-9DC8-78BE3C47A0B7}"
EndProject
Project("{9A19103F-16F7-4668-BE54-9A1E7A4F7556}") = "Infra.MongoDB", "Infra.MongoDB\Infra.MongoDB.csproj", "{029C8BC3-5BF5-4148-AF49-25A7F34A618E}"
EndProject
Project("{9A19103F-16F7-4668-BE54-9A1E7A4F7556}") = "Infra.MongoDB.Tests", "Infra.MongoDB.Tests\Infra.MongoDB.Tests.csproj", "{0198C0C9-96EF-4C59-BD67-065F5D1E6367}"
EndProject
Global
	GlobalSection(SolutionConfigurationPlatforms) = preSolution
		Debug|Any CPU = Debug|Any CPU
		Release|Any CPU = Release|Any CPU
	EndGlobalSection
	GlobalSection(ProjectConfigurationPlatforms) = postSolution
		{47172AF6-0614-46F6-84D1-FEE7D403C226}.Debug|Any CPU.ActiveCfg = Debug|Any CPU
		{47172AF6-0614-46F6-84D1-FEE7D403C226}.Debug|Any CPU.Build.0 = Debug|Any CPU
		{47172AF6-0614-46F6-84D1-FEE7D403C226}.Release|Any CPU.ActiveCfg = Release|Any CPU
		{47172AF6-0614-46F6-84D1-FEE7D403C226}.Release|Any CPU.Build.0 = Release|Any CPU
		{715EC3ED-FB99-4114-B5C9-CBA1AC47EA5A}.Debug|Any CPU.ActiveCfg = Debug|Any CPU
		{715EC3ED-FB99-4114-B5C9-CBA1AC47EA5A}.Debug|Any CPU.Build.0 = Debug|Any CPU
		{715EC3ED-FB99-4114-B5C9-CBA1AC47EA5A}.Release|Any CPU.ActiveCfg = Release|Any CPU
		{715EC3ED-FB99-4114-B5C9-CBA1AC47EA5A}.Release|Any CPU.Build.0 = Release|Any CPU
		{68519079-9121-4A40-AFBA-73FC1AC42806}.Debug|Any CPU.ActiveCfg = Debug|Any CPU
		{68519079-9121-4A40-AFBA-73FC1AC42806}.Debug|Any CPU.Build.0 = Debug|Any CPU
		{68519079-9121-4A40-AFBA-73FC1AC42806}.Release|Any CPU.ActiveCfg = Release|Any CPU
		{68519079-9121-4A40-AFBA-73FC1AC42806}.Release|Any CPU.Build.0 = Release|Any CPU
		{84358480-54E0-4C79-8842-CB4F92F3822D}.Debug|Any CPU.ActiveCfg = Debug|Any CPU
		{84358480-54E0-4C79-8842-CB4F92F3822D}.Debug|Any CPU.Build.0 = Debug|Any CPU
		{84358480-54E0-4C79-8842-CB4F92F3822D}.Release|Any CPU.ActiveCfg = Release|Any CPU
		{84358480-54E0-4C79-8842-CB4F92F3822D}.Release|Any CPU.Build.0 = Release|Any CPU
		{287F5C25-8DA6-4DCA-9DC8-78BE3C47A0B7}.Debug|Any CPU.ActiveCfg = Debug|Any CPU
		{287F5C25-8DA6-4DCA-9DC8-78BE3C47A0B7}.Debug|Any CPU.Build.0 = Debug|Any CPU
		{287F5C25-8DA6-4DCA-9DC8-78BE3C47A0B7}.Release|Any CPU.ActiveCfg = Release|Any CPU
		{287F5C25-8DA6-4DCA-9DC8-78BE3C47A0B7}.Release|Any CPU.Build.0 = Release|Any CPU
		{029C8BC3-5BF5-4148-AF49-25A7F34A618E}.Debug|Any CPU.ActiveCfg = Debug|Any CPU
		{029C8BC3-5BF5-4148-AF49-25A7F34A618E}.Debug|Any CPU.Build.0 = Debug|Any CPU
		{029C8BC3-5BF5-4148-AF49-25A7F34A618E}.Release|Any CPU.ActiveCfg = Release|Any CPU
		{029C8BC3-5BF5-4148-AF49-25A7F34A618E}.Release|Any CPU.Build.0 = Release|Any CPU
		{0198C0C9-96EF-4C59-BD67-065F5D1E6367}.Debug|Any CPU.ActiveCfg = Debug|Any CPU
		{0198C0C9-96EF-4C59-BD67-065F5D1E6367}.Debug|Any CPU.Build.0 = Debug|Any CPU
		{0198C0C9-96EF-4C59-BD67-065F5D1E6367}.Release|Any CPU.ActiveCfg = Release|Any CPU
		{0198C0C9-96EF-4C59-BD67-065F5D1E6367}.Release|Any CPU.Build.0 = Release|Any CPU
	EndGlobalSection
	GlobalSection(SolutionProperties) = preSolution
		HideSolutionNode = FALSE
	EndGlobalSection
	GlobalSection(ExtensibilityGlobals) = postSolution
		SolutionGuid = {27652DFD-7D30-4A86-B932-9FCDA940DE1F}
	EndGlobalSection
EndGlobal
